# THIS IS AN AUTOGENERATED FILE. DO NOT EDIT THIS FILE DIRECTLY.
# yarn lockfile v1


"@vue/composition-api@^0.4.0":
  version "0.4.0"
  resolved "https://registry.yarnpkg.com/@vue/composition-api/-/composition-api-0.4.0.tgz#04e600106687de719d587c704296aa4a5b37ca28"
  integrity sha512-8QxZK3BBbn29vIoiso+UthT6JUbeS0gPBWAxDUK2EComWNHluaGVWXC9fAnUG+L6PM+ApkFE2dOlv5Oi/o+cSQ==
  dependencies:
    tslib "^1.9.3"

tslib@^1.9.3:
  version "1.11.1"
  resolved "https://registry.yarnpkg.com/tslib/-/tslib-1.11.1.tgz#eb15d128827fbee2841549e171f45ed338ac7e35"
  integrity sha512-aZW88SY8kQbU7gpV19lN24LtXh/yD4ZZg6qieAJDDg+YBsJcSmLGK9QpnUjAKVG/xefmvJGd1WUmfpT/g6AJGA==
